
Microsoft Visual Studio Solution File, Format Version 12.00
# Visual Studio 15
VisualStudioVersion = 15.0.28010.2036
MinimumVisualStudioVersion = 10.0.40219.1
Project("{9A19103F-16F7-4668-BE54-9A1E7A4F7556}") = "Attention.BLL", "Attention.BLL\Attention.BLL.csproj", "{F1664736-94F4-4C7B-B52A-C927BF0B8374}"
EndProject
Project("{9A19103F-16F7-4668-BE54-9A1E7A4F7556}") = "Attention.DAL", "Attention.DAL\Attention.DAL.csproj", "{1D0E0144-3358-4E71-980A-D13A96B421BF}"
EndProject
Project("{2150E333-8FDC-42A3-9474-1A3956D46DE8}") = "Solution Items", "Solution Items", "{966B9E08-EA71-4E17-8867-AA36A47F5FB2}"
	ProjectSection(SolutionItems) = preProject
		default.db = default.db
		history.json = history.json
		README.md = README.md
	EndProjectSection
EndProject
Project("{9A19103F-16F7-4668-BE54-9A1E7A4F7556}") = "Attention", "Attention\Attention.csproj", "{9C492F29-CADA-41DB-A4AA-469927375CDD}"
EndProject
Project("{2150E333-8FDC-42A3-9474-1A3956D46DE8}") = "Core", "Core", "{4A5E467A-992E-426A-90FD-2B0D13A3A160}"
EndProject
Project("{9A19103F-16F7-4668-BE54-9A1E7A4F7556}") = "Attention.PWA", "Attention.PWA\Attention.PWA.csproj", "{4849DBF5-FF6B-43BA-9FCB-4EDA1B0D56E9}"
EndProject
Global
	GlobalSection(SolutionConfigurationPlatforms) = preSolution
		Debug|Any CPU = Debug|Any CPU
		Release|Any CPU = Release|Any CPU
	EndGlobalSection
	GlobalSection(ProjectConfigurationPlatforms) = postSolution
		{F1664736-94F4-4C7B-B52A-C927BF0B8374}.Debug|Any CPU.ActiveCfg = Debug|Any CPU
		{F1664736-94F4-4C7B-B52A-C927BF0B8374}.Debug|Any CPU.Build.0 = Debug|Any CPU
		{F1664736-94F4-4C7B-B52A-C927BF0B8374}.Release|Any CPU.ActiveCfg = Release|Any CPU
		{F1664736-94F4-4C7B-B52A-C927BF0B8374}.Release|Any CPU.Build.0 = Release|Any CPU
		{1D0E0144-3358-4E71-980A-D13A96B421BF}.Debug|Any CPU.ActiveCfg = Debug|Any CPU
		{1D0E0144-3358-4E71-980A-D13A96B421BF}.Debug|Any CPU.Build.0 = Debug|Any CPU
		{1D0E0144-3358-4E71-980A-D13A96B421BF}.Release|Any CPU.ActiveCfg = Release|Any CPU
		{1D0E0144-3358-4E71-980A-D13A96B421BF}.Release|Any CPU.Build.0 = Release|Any CPU
		{9C492F29-CADA-41DB-A4AA-469927375CDD}.Debug|Any CPU.ActiveCfg = Debug|Any CPU
		{9C492F29-CADA-41DB-A4AA-469927375CDD}.Debug|Any CPU.Build.0 = Debug|Any CPU
		{9C492F29-CADA-41DB-A4AA-469927375CDD}.Release|Any CPU.ActiveCfg = Release|Any CPU
		{9C492F29-CADA-41DB-A4AA-469927375CDD}.Release|Any CPU.Build.0 = Release|Any CPU
		{4849DBF5-FF6B-43BA-9FCB-4EDA1B0D56E9}.Debug|Any CPU.ActiveCfg = Debug|Any CPU
		{4849DBF5-FF6B-43BA-9FCB-4EDA1B0D56E9}.Debug|Any CPU.Build.0 = Debug|Any CPU
		{4849DBF5-FF6B-43BA-9FCB-4EDA1B0D56E9}.Release|Any CPU.ActiveCfg = Release|Any CPU
		{4849DBF5-FF6B-43BA-9FCB-4EDA1B0D56E9}.Release|Any CPU.Build.0 = Release|Any CPU
	EndGlobalSection
	GlobalSection(SolutionProperties) = preSolution
		HideSolutionNode = FALSE
	EndGlobalSection
	GlobalSection(NestedProjects) = preSolution
		{F1664736-94F4-4C7B-B52A-C927BF0B8374} = {4A5E467A-992E-426A-90FD-2B0D13A3A160}
		{1D0E0144-3358-4E71-980A-D13A96B421BF} = {4A5E467A-992E-426A-90FD-2B0D13A3A160}
	EndGlobalSection
	GlobalSection(ExtensibilityGlobals) = postSolution
		SolutionGuid = {9C1DE66B-6B7E-4D08-9A00-68FF04430B07}
	EndGlobalSection
EndGlobal
